# THIS IS AN AUTOGENERATED FILE. DO NOT EDIT THIS FILE DIRECTLY.
# yarn lockfile v1


"@babel/code-frame@^7.0.0":
  version "7.12.13"
  resolved "https://registry.npmjs.org/@babel/code-frame/-/code-frame-7.12.13.tgz"
  dependencies:
    "@babel/highlight" "^7.12.13"

"@babel/helper-validator-identifier@^7.14.0":
  version "7.14.0"
  resolved "https://registry.npmjs.org/@babel/helper-validator-identifier/-/helper-validator-identifier-7.14.0.tgz"

"@babel/highlight@^7.12.13":
  version "7.14.0"
  resolved "https://registry.npmjs.org/@babel/highlight/-/highlight-7.14.0.tgz"
  dependencies:
    "@babel/helper-validator-identifier" "^7.14.0"
    chalk "^2.0.0"
    js-tokens "^4.0.0"

"@cspell/cspell-bundled-dicts@6.31.1":
  version "6.31.1"
  resolved "https://registry.yarnpkg.com/@cspell/cspell-bundled-dicts/-/cspell-bundled-dicts-6.31.1.tgz#69bacbdcceae490b50d2573877f004328416d6e8"
  dependencies:
    "@cspell/dict-ada" "^4.0.1"
    "@cspell/dict-aws" "^3.0.0"
    "@cspell/dict-bash" "^4.1.1"
    "@cspell/dict-companies" "^3.0.9"
    "@cspell/dict-cpp" "^5.0.2"
    "@cspell/dict-cryptocurrencies" "^3.0.1"
    "@cspell/dict-csharp" "^4.0.2"
    "@cspell/dict-css" "^4.0.5"
    "@cspell/dict-dart" "^2.0.2"
    "@cspell/dict-django" "^4.0.2"
    "@cspell/dict-docker" "^1.1.6"
    "@cspell/dict-dotnet" "^5.0.0"
    "@cspell/dict-elixir" "^4.0.2"
    "@cspell/dict-en-common-misspellings" "^1.0.2"
    "@cspell/dict-en-gb" "1.1.33"
    "@cspell/dict-en_us" "^4.3.2"
    "@cspell/dict-filetypes" "^3.0.0"
    "@cspell/dict-fonts" "^3.0.1"
    "@cspell/dict-fullstack" "^3.1.5"
    "@cspell/dict-gaming-terms" "^1.0.4"
    "@cspell/dict-git" "^2.0.0"
    "@cspell/dict-golang" "^6.0.1"
    "@cspell/dict-haskell" "^4.0.1"
    "@cspell/dict-html" "^4.0.3"
    "@cspell/dict-html-symbol-entities" "^4.0.0"
    "@cspell/dict-java" "^5.0.5"
    "@cspell/dict-k8s" "^1.0.1"
    "@cspell/dict-latex" "^4.0.0"
    "@cspell/dict-lorem-ipsum" "^3.0.0"
    "@cspell/dict-lua" "^4.0.1"
    "@cspell/dict-node" "^4.0.2"
    "@cspell/dict-npm" "^5.0.5"
    "@cspell/dict-php" "^4.0.1"
    "@cspell/dict-powershell" "^5.0.1"
    "@cspell/dict-public-licenses" "^2.0.2"
    "@cspell/dict-python" "^4.0.2"
    "@cspell/dict-r" "^2.0.1"
    "@cspell/dict-ruby" "^5.0.0"
    "@cspell/dict-rust" "^4.0.1"
    "@cspell/dict-scala" "^5.0.0"
    "@cspell/dict-software-terms" "^3.1.6"
    "@cspell/dict-sql" "^2.1.0"
    "@cspell/dict-svelte" "^1.0.2"
    "@cspell/dict-swift" "^2.0.1"
    "@cspell/dict-typescript" "^3.1.1"
    "@cspell/dict-vue" "^3.0.0"

"@cspell/cspell-pipe@6.31.1":
  version "6.31.1"
  resolved "https://registry.yarnpkg.com/@cspell/cspell-pipe/-/cspell-pipe-6.31.1.tgz#6c8edc92039125695a894186a899290d56d0f2c7"

"@cspell/cspell-service-bus@6.31.1":
  version "6.31.1"
  resolved "https://registry.yarnpkg.com/@cspell/cspell-service-bus/-/cspell-service-bus-6.31.1.tgz#ede5859e180f8d9be760df500e02164dae0084fe"

"@cspell/cspell-types@6.31.1":
  version "6.31.1"
  resolved "https://registry.yarnpkg.com/@cspell/cspell-types/-/cspell-types-6.31.1.tgz#b3737ef7743c0e5803d57e667f816418ac8da1cf"

"@cspell/dict-ada@^4.0.1":
  version "4.0.1"
  resolved "https://registry.yarnpkg.com/@cspell/dict-ada/-/dict-ada-4.0.1.tgz#214c91445eab16bd3fe10da5517f95bf2c90fe5f"

"@cspell/dict-aws@^3.0.0":
  version "3.0.0"
  resolved "https://registry.yarnpkg.com/@cspell/dict-aws/-/dict-aws-3.0.0.tgz#7b2db82bb632c664c3d72b83267b93b9b0cafe60"

"@cspell/dict-bash@^4.1.1":
  version "4.1.1"
  resolved "https://registry.yarnpkg.com/@cspell/dict-bash/-/dict-bash-4.1.1.tgz#fe28016096f44d4a09fe4c5bcaf6fa40f33d98c6"

"@cspell/dict-companies@^3.0.9":
  version "3.0.9"
  resolved "https://registry.yarnpkg.com/@cspell/dict-companies/-/dict-companies-3.0.9.tgz#dfc35ad35478c8bee20a8ecd9f7509c359fe334b"

"@cspell/dict-cpp@^5.0.2":
  version "5.0.2"
  resolved "https://registry.yarnpkg.com/@cspell/dict-cpp/-/dict-cpp-5.0.2.tgz#ab6fd2b91a08c30602426ac782a4855f239cd1e7"

"@cspell/dict-cryptocurrencies@^3.0.1":
  version "3.0.1"
  resolved "https://registry.yarnpkg.com/@cspell/dict-cryptocurrencies/-/dict-cryptocurrencies-3.0.1.tgz#de1c235d6427946b679d23aacff12fea94e6385b"

"@cspell/dict-csharp@^4.0.2":
  version "4.0.2"
  resolved "https://registry.yarnpkg.com/@cspell/dict-csharp/-/dict-csharp-4.0.2.tgz#e55659dbe594e744d86b1baf0f3397fe57b1e283"

"@cspell/dict-css@^4.0.5":
  version "4.0.5"
  resolved "https://registry.yarnpkg.com/@cspell/dict-css/-/dict-css-4.0.5.tgz#2233138a03c163f82b0f6fbe0cdd2aada3ca4afc"

"@cspell/dict-dart@^2.0.2":
  version "2.0.2"
  resolved "https://registry.yarnpkg.com/@cspell/dict-dart/-/dict-dart-2.0.2.tgz#714285f4f8bd304c1c477779ccbbfae5949819d7"

"@cspell/dict-django@^4.0.2":
  version "4.0.2"
  resolved "https://registry.yarnpkg.com/@cspell/dict-django/-/dict-django-4.0.2.tgz#08d21ee3ce7e323e4d7634abf6d69a96a6d4930c"

"@cspell/dict-docker@^1.1.6":
  version "1.1.6"
  resolved "https://registry.yarnpkg.com/@cspell/dict-docker/-/dict-docker-1.1.6.tgz#f84faed121e2093e3b212d19542fd27eda751c80"

"@cspell/dict-dotnet@^5.0.0":
  version "5.0.0"
  resolved "https://registry.yarnpkg.com/@cspell/dict-dotnet/-/dict-dotnet-5.0.0.tgz#13690aafe14b240ad17a30225ac1ec29a5a6a510"

"@cspell/dict-elixir@^4.0.2":
  version "4.0.3"
  resolved "https://registry.yarnpkg.com/@cspell/dict-elixir/-/dict-elixir-4.0.3.tgz#57c25843e46cf3463f97da72d9ef8e37c818296f"

"@cspell/dict-en-common-misspellings@^1.0.2":
  version "1.0.2"
  resolved "https://registry.yarnpkg.com/@cspell/dict-en-common-misspellings/-/dict-en-common-misspellings-1.0.2.tgz#3c4ebab8e9e906d66d60f53c8f8c2e77b7f108e7"

"@cspell/dict-en-gb@1.1.33":
  version "1.1.33"
  resolved "https://registry.yarnpkg.com/@cspell/dict-en-gb/-/dict-en-gb-1.1.33.tgz#7f1fd90fc364a5cb77111b5438fc9fcf9cc6da0e"

"@cspell/dict-en_us@^4.3.2":
  version "4.3.2"
  resolved "https://registry.yarnpkg.com/@cspell/dict-en_us/-/dict-en_us-4.3.2.tgz#ffe6e9a4decc453a0673f8e9a49a3a53ee020d2d"

"@cspell/dict-filetypes@^3.0.0":
  version "3.0.0"
  resolved "https://registry.yarnpkg.com/@cspell/dict-filetypes/-/dict-filetypes-3.0.0.tgz#3bb1ede3e28449f0d76024a7b918a556f210973a"

"@cspell/dict-fonts@^3.0.1":
  version "3.0.2"
  resolved "https://registry.yarnpkg.com/@cspell/dict-fonts/-/dict-fonts-3.0.2.tgz#657d871cf627466765166cf18c448743c19317e2"

"@cspell/dict-fullstack@^3.1.5":
  version "3.1.5"
  resolved "https://registry.yarnpkg.com/@cspell/dict-fullstack/-/dict-fullstack-3.1.5.tgz#35d18678161f214575cc613dd95564e05422a19c"

"@cspell/dict-gaming-terms@^1.0.4":
  version "1.0.4"
  resolved "https://registry.yarnpkg.com/@cspell/dict-gaming-terms/-/dict-gaming-terms-1.0.4.tgz#b67d89d014d865da6cb40de4269d4c162a00658e"

"@cspell/dict-git@^2.0.0":
  version "2.0.0"
  resolved "https://registry.yarnpkg.com/@cspell/dict-git/-/dict-git-2.0.0.tgz#fa5cb298845da9c69efc01c6af07a99097718dc9"

"@cspell/dict-golang@^6.0.1":
  version "6.0.1"
  resolved "https://registry.yarnpkg.com/@cspell/dict-golang/-/dict-golang-6.0.1.tgz#86496bac8566fa97015f62cc81e6ec96bd98500f"

"@cspell/dict-haskell@^4.0.1":
  version "4.0.1"
  resolved "https://registry.yarnpkg.com/@cspell/dict-haskell/-/dict-haskell-4.0.1.tgz#e9fca7c452411ff11926e23ffed2b50bb9b95e47"

"@cspell/dict-html-symbol-entities@^4.0.0":
  version "4.0.0"
  resolved "https://registry.yarnpkg.com/@cspell/dict-html-symbol-entities/-/dict-html-symbol-entities-4.0.0.tgz#4d86ac18a4a11fdb61dfb6f5929acd768a52564f"

"@cspell/dict-html@^4.0.3":
  version "4.0.3"
  resolved "https://registry.yarnpkg.com/@cspell/dict-html/-/dict-html-4.0.3.tgz#155450cb57750774583fce463d01d6323ab41701"

"@cspell/dict-java@^5.0.5":
  version "5.0.5"
  resolved "https://registry.yarnpkg.com/@cspell/dict-java/-/dict-java-5.0.5.tgz#c673f27ce7a5d96e205f42e8be540aeda0beef11"

"@cspell/dict-k8s@^1.0.1":
  version "1.0.1"
  resolved "https://registry.yarnpkg.com/@cspell/dict-k8s/-/dict-k8s-1.0.1.tgz#6c0cc521dd42fee2c807368ebfef77137686f3a1"

"@cspell/dict-latex@^4.0.0":
  version "4.0.0"
  resolved "https://registry.yarnpkg.com/@cspell/dict-latex/-/dict-latex-4.0.0.tgz#85054903db834ea867174795d162e2a8f0e9c51e"

"@cspell/dict-lorem-ipsum@^3.0.0":
  version "3.0.0"
  resolved "https://registry.yarnpkg.com/@cspell/dict-lorem-ipsum/-/dict-lorem-ipsum-3.0.0.tgz#c6347660fcab480b47bdcaec3b57e8c3abc4af68"

"@cspell/dict-lua@^4.0.1":
  version "4.0.1"
  resolved "https://registry.yarnpkg.com/@cspell/dict-lua/-/dict-lua-4.0.1.tgz#4c31975646cb2d71f1216c7aeaa0c5ab6994ea25"

"@cspell/dict-node@^4.0.2":
  version "4.0.2"
  resolved "https://registry.yarnpkg.com/@cspell/dict-node/-/dict-node-4.0.2.tgz#9e5f64d882568fdd2a2243542d1263dbbb87c53a"

"@cspell/dict-npm@^5.0.5":
  version "5.0.5"
  resolved "https://registry.yarnpkg.com/@cspell/dict-npm/-/dict-npm-5.0.5.tgz#fa6c1bc983e34ddc6d97094c758a4e166afd6214"

"@cspell/dict-php@^4.0.1":
  version "4.0.1"
  resolved "https://registry.yarnpkg.com/@cspell/dict-php/-/dict-php-4.0.1.tgz#f3c5cd241f43a32b09355370fc6ce7bd50e6402c"

"@cspell/dict-powershell@^5.0.1":
  version "5.0.1"
  resolved "https://registry.yarnpkg.com/@cspell/dict-powershell/-/dict-powershell-5.0.1.tgz#55c5fa8dbf283c1b288febba9e06967b2b3b1aab"

"@cspell/dict-public-licenses@^2.0.2":
  version "2.0.2"
  resolved "https://registry.yarnpkg.com/@cspell/dict-public-licenses/-/dict-public-licenses-2.0.2.tgz#81f0fde2e78bf8160ce988ae6961003a3cde3d56"

"@cspell/dict-python@^4.0.2":
  version "4.0.3"
  resolved "https://registry.yarnpkg.com/@cspell/dict-python/-/dict-python-4.0.3.tgz#408295135f3cc7beb8471a41af2ffc5a16c118bc"

"@cspell/dict-r@^2.0.1":
  version "2.0.1"
  resolved "https://registry.yarnpkg.com/@cspell/dict-r/-/dict-r-2.0.1.tgz#73474fb7cce45deb9094ebf61083fbf5913f440a"

"@cspell/dict-ruby@^5.0.0":
  version "5.0.0"
  resolved "https://registry.yarnpkg.com/@cspell/dict-ruby/-/dict-ruby-5.0.0.tgz#ca22ddf0842f29b485e3ef585c666c6be5227e6d"

"@cspell/dict-rust@^4.0.1":
  version "4.0.1"
  resolved "https://registry.yarnpkg.com/@cspell/dict-rust/-/dict-rust-4.0.1.tgz#ef0b88cb3a45265824e2c9ce31b0baa4e1050351"

"@cspell/dict-scala@^5.0.0":
  version "5.0.0"
  resolved "https://registry.yarnpkg.com/@cspell/dict-scala/-/dict-scala-5.0.0.tgz#b64365ad559110a36d44ccd90edf7151ea648022"

"@cspell/dict-software-terms@^3.1.6":
  version "3.1.6"
  resolved "https://registry.yarnpkg.com/@cspell/dict-software-terms/-/dict-software-terms-3.1.6.tgz#27a6fd2919e7118bb793e541960ea1eeed6d0b3c"

"@cspell/dict-sql@^2.1.0":
  version "2.1.0"
  resolved "https://registry.yarnpkg.com/@cspell/dict-sql/-/dict-sql-2.1.0.tgz#4210e83b9fc05ef91f577ae44fd264825ccfbf71"

"@cspell/dict-svelte@^1.0.2":
  version "1.0.2"
  resolved "https://registry.yarnpkg.com/@cspell/dict-svelte/-/dict-svelte-1.0.2.tgz#0c866b08a7a6b33bbc1a3bdbe6a1b484ca15cdaa"

"@cspell/dict-swift@^2.0.1":
  version "2.0.1"
  resolved "https://registry.yarnpkg.com/@cspell/dict-swift/-/dict-swift-2.0.1.tgz#06ec86e52e9630c441d3c19605657457e33d7bb6"

"@cspell/dict-typescript@^3.1.1":
  version "3.1.1"
  resolved "https://registry.yarnpkg.com/@cspell/dict-typescript/-/dict-typescript-3.1.1.tgz#25a9c241fa79c032f907db21b0aaf7c7baee6cc3"

"@cspell/dict-vue@^3.0.0":
  version "3.0.0"
  resolved "https://registry.yarnpkg.com/@cspell/dict-vue/-/dict-vue-3.0.0.tgz#68ccb432ad93fcb0fd665352d075ae9a64ea9250"

"@cspell/dynamic-import@6.31.1":
  version "6.31.1"
  resolved "https://registry.yarnpkg.com/@cspell/dynamic-import/-/dynamic-import-6.31.1.tgz#26e218362e98158be5c88f970ce774458e53dd60"
  dependencies:
    import-meta-resolve "^2.2.2"

"@cspell/strong-weak-map@6.31.1":
  version "6.31.1"
  resolved "https://registry.yarnpkg.com/@cspell/strong-weak-map/-/strong-weak-map-6.31.1.tgz#370faeae5ecb0c9a55344a34cd70f1690c62de01"

"@nodelib/fs.scandir@2.1.5":
  version "2.1.5"
  resolved "https://registry.yarnpkg.com/@nodelib/fs.scandir/-/fs.scandir-2.1.5.tgz#7619c2eb21b25483f6d167548b4cfd5a7488c3d5"
  dependencies:
    "@nodelib/fs.stat" "2.0.5"
    run-parallel "^1.1.9"

"@nodelib/fs.stat@2.0.5", "@nodelib/fs.stat@^2.0.2":
  version "2.0.5"
  resolved "https://registry.yarnpkg.com/@nodelib/fs.stat/-/fs.stat-2.0.5.tgz#5bd262af94e9d25bd1e71b05deed44876a222e8b"

"@nodelib/fs.walk@^1.2.3":
  version "1.2.8"
  resolved "https://registry.yarnpkg.com/@nodelib/fs.walk/-/fs.walk-1.2.8.tgz#e95737e8bb6746ddedf69c556953494f196fe69a"
  dependencies:
    "@nodelib/fs.scandir" "2.1.5"
    fastq "^1.6.0"

ansi-regex@^5.0.1:
  version "5.0.1"
  resolved "https://registry.npmjs.org/ansi-regex/-/ansi-regex-5.0.1.tgz"

ansi-styles@^3.2.1:
  version "3.2.1"
  resolved "https://registry.npmjs.org/ansi-styles/-/ansi-styles-3.2.1.tgz"
  dependencies:
    color-convert "^1.9.0"

ansi-styles@^4.1.0:
  version "4.3.0"
  resolved "https://registry.npmjs.org/ansi-styles/-/ansi-styles-4.3.0.tgz"
  dependencies:
    color-convert "^2.0.1"

argparse@^2.0.1:
  version "2.0.1"
  resolved "https://registry.yarnpkg.com/argparse/-/argparse-2.0.1.tgz#246f50f3ca78a3240f6c997e8a9bd1eac49e4b38"

array-timsort@^1.0.3:
  version "1.0.3"
  resolved "https://registry.npmjs.org/array-timsort/-/array-timsort-1.0.3.tgz"

balanced-match@^1.0.0:
  version "1.0.2"
  resolved "https://registry.npmjs.org/balanced-match/-/balanced-match-1.0.2.tgz"

brace-expansion@^1.1.7:
  version "1.1.11"
  resolved "https://registry.npmjs.org/brace-expansion/-/brace-expansion-1.1.11.tgz"
  dependencies:
    balanced-match "^1.0.0"
    concat-map "0.0.1"

braces@^3.0.2:
  version "3.0.2"
  resolved "https://registry.npmjs.org/braces/-/braces-3.0.2.tgz"
  dependencies:
    fill-range "^7.0.1"

callsites@^3.0.0, callsites@^3.1.0:
  version "3.1.0"
  resolved "https://registry.npmjs.org/callsites/-/callsites-3.1.0.tgz"

chalk@^2.0.0:
  version "2.4.2"
  resolved "https://registry.npmjs.org/chalk/-/chalk-2.4.2.tgz"
  dependencies:
    ansi-styles "^3.2.1"
    escape-string-regexp "^1.0.5"
    supports-color "^5.3.0"

chalk@^4.1.2:
  version "4.1.2"
  resolved "https://registry.npmjs.org/chalk/-/chalk-4.1.2.tgz"
  dependencies:
    ansi-styles "^4.1.0"
    supports-color "^7.1.0"

clear-module@^4.1.2:
  version "4.1.2"
  resolved "https://registry.npmjs.org/clear-module/-/clear-module-4.1.2.tgz"
  dependencies:
    parent-module "^2.0.0"
    resolve-from "^5.0.0"

color-convert@^1.9.0:
  version "1.9.3"
  resolved "https://registry.npmjs.org/color-convert/-/color-convert-1.9.3.tgz"
  dependencies:
    color-name "1.1.3"

color-convert@^2.0.1:
  version "2.0.1"
  resolved "https://registry.npmjs.org/color-convert/-/color-convert-2.0.1.tgz"
  dependencies:
    color-name "~1.1.4"

color-name@1.1.3:
  version "1.1.3"
  resolved "https://registry.npmjs.org/color-name/-/color-name-1.1.3.tgz"

color-name@~1.1.4:
  version "1.1.4"
  resolved "https://registry.npmjs.org/color-name/-/color-name-1.1.4.tgz"

commander@^10.0.0:
  version "10.0.1"
  resolved "https://registry.yarnpkg.com/commander/-/commander-10.0.1.tgz#881ee46b4f77d1c1dccc5823433aa39b022cbe06"

comment-json@^4.2.3:
  version "4.2.3"
  resolved "https://registry.yarnpkg.com/comment-json/-/comment-json-4.2.3.tgz#50b487ebbf43abe44431f575ebda07d30d015365"
  dependencies:
    array-timsort "^1.0.3"
    core-util-is "^1.0.3"
    esprima "^4.0.1"
    has-own-prop "^2.0.0"
    repeat-string "^1.6.1"

concat-map@0.0.1:
  version "0.0.1"
  resolved "https://registry.npmjs.org/concat-map/-/concat-map-0.0.1.tgz"

configstore@^5.0.1:
  version "5.0.1"
  resolved "https://registry.npmjs.org/configstore/-/configstore-5.0.1.tgz"
  dependencies:
    dot-prop "^5.2.0"
    graceful-fs "^4.1.2"
    make-dir "^3.0.0"
    unique-string "^2.0.0"
    write-file-atomic "^3.0.0"
    xdg-basedir "^4.0.0"

core-util-is@^1.0.3:
  version "1.0.3"
  resolved "https://registry.npmjs.org/core-util-is/-/core-util-is-1.0.3.tgz"

cosmiconfig@8.0.0:
  version "8.0.0"
  resolved "https://registry.yarnpkg.com/cosmiconfig/-/cosmiconfig-8.0.0.tgz#e9feae014eab580f858f8a0288f38997a7bebe97"
  dependencies:
    import-fresh "^3.2.1"
    js-yaml "^4.1.0"
    parse-json "^5.0.0"
    path-type "^4.0.0"

crypto-random-string@^2.0.0:
  version "2.0.0"
  resolved "https://registry.npmjs.org/crypto-random-string/-/crypto-random-string-2.0.0.tgz"

cspell-dictionary@6.31.1:
  version "6.31.1"
  resolved "https://registry.yarnpkg.com/cspell-dictionary/-/cspell-dictionary-6.31.1.tgz#a5c52da365aa03d7b6454f017d97b0d4b3da8859"
  dependencies:
    "@cspell/cspell-pipe" "6.31.1"
    "@cspell/cspell-types" "6.31.1"
    cspell-trie-lib "6.31.1"
    fast-equals "^4.0.3"
    gensequence "^5.0.2"

cspell-gitignore@6.31.1:
  version "6.31.1"
  resolved "https://registry.yarnpkg.com/cspell-gitignore/-/cspell-gitignore-6.31.1.tgz#3000c4c6c740c04d6178c62a9b83111d5fc96779"
  dependencies:
    cspell-glob "6.31.1"
    find-up "^5.0.0"

cspell-glob@6.31.1:
  version "6.31.1"
  resolved "https://registry.yarnpkg.com/cspell-glob/-/cspell-glob-6.31.1.tgz#525db68469790f3d0c856fcdef7616dfbecfe1d2"
  dependencies:
    micromatch "^4.0.5"

cspell-grammar@6.31.1:
  version "6.31.1"
  resolved "https://registry.yarnpkg.com/cspell-grammar/-/cspell-grammar-6.31.1.tgz#f766df3d5f1ec95a1e472fc339716757d2acfa56"
  dependencies:
    "@cspell/cspell-pipe" "6.31.1"
    "@cspell/cspell-types" "6.31.1"

cspell-io@6.31.1:
  version "6.31.1"
  resolved "https://registry.yarnpkg.com/cspell-io/-/cspell-io-6.31.1.tgz#5f26437e6e5d525a73c708bf524da50a180f3c2c"
  dependencies:
    "@cspell/cspell-service-bus" "6.31.1"
    node-fetch "^2.6.9"

cspell-lib@6.31.1:
  version "6.31.1"
  resolved "https://registry.yarnpkg.com/cspell-lib/-/cspell-lib-6.31.1.tgz#716fe73302086d384e756ece917d50dafa6cfda4"
  dependencies:
    "@cspell/cspell-bundled-dicts" "6.31.1"
    "@cspell/cspell-pipe" "6.31.1"
    "@cspell/cspell-types" "6.31.1"
    "@cspell/strong-weak-map" "6.31.1"
    clear-module "^4.1.2"
    comment-json "^4.2.3"
    configstore "^5.0.1"
    cosmiconfig "8.0.0"
    cspell-dictionary "6.31.1"
    cspell-glob "6.31.1"
    cspell-grammar "6.31.1"
    cspell-io "6.31.1"
    cspell-trie-lib "6.31.1"
    fast-equals "^4.0.3"
    find-up "^5.0.0"
    gensequence "^5.0.2"
    import-fresh "^3.3.0"
    resolve-from "^5.0.0"
    resolve-global "^1.0.0"
    vscode-languageserver-textdocument "^1.0.8"
    vscode-uri "^3.0.7"

cspell-trie-lib@6.31.1:
  version "6.31.1"
  resolved "https://registry.yarnpkg.com/cspell-trie-lib/-/cspell-trie-lib-6.31.1.tgz#72b272e16d53c15de5a1ef3178dd2519670daca7"
  dependencies:
    "@cspell/cspell-pipe" "6.31.1"
    "@cspell/cspell-types" "6.31.1"
    gensequence "^5.0.2"

cspell@^6.31.1:
  version "6.31.1"
  resolved "https://registry.yarnpkg.com/cspell/-/cspell-6.31.1.tgz#78a1b3d32c8f6f232fb1a00b2df8a8e8d72cf6fe"
  dependencies:
    "@cspell/cspell-pipe" "6.31.1"
    "@cspell/dynamic-import" "6.31.1"
    chalk "^4.1.2"
    commander "^10.0.0"
    cspell-gitignore "6.31.1"
    cspell-glob "6.31.1"
    cspell-io "6.31.1"
    cspell-lib "6.31.1"
    fast-glob "^3.2.12"
    fast-json-stable-stringify "^2.1.0"
    file-entry-cache "^6.0.1"
    get-stdin "^8.0.0"
    imurmurhash "^0.1.4"
    semver "^7.3.8"
    strip-ansi "^6.0.1"
    vscode-uri "^3.0.7"

dot-prop@^5.2.0:
  version "5.3.0"
  resolved "https://registry.npmjs.org/dot-prop/-/dot-prop-5.3.0.tgz"
  dependencies:
    is-obj "^2.0.0"

error-ex@^1.3.1:
  version "1.3.2"
  resolved "https://registry.npmjs.org/error-ex/-/error-ex-1.3.2.tgz"
  dependencies:
    is-arrayish "^0.2.1"

escape-string-regexp@^1.0.5:
  version "1.0.5"
  resolved "https://registry.npmjs.org/escape-string-regexp/-/escape-string-regexp-1.0.5.tgz"

esprima@^4.0.1:
  version "4.0.1"
  resolved "https://registry.npmjs.org/esprima/-/esprima-4.0.1.tgz"

fast-equals@^4.0.3:
  version "4.0.3"
  resolved "https://registry.yarnpkg.com/fast-equals/-/fast-equals-4.0.3.tgz#72884cc805ec3c6679b99875f6b7654f39f0e8c7"

fast-glob@^3.2.12:
  version "3.2.12"
  resolved "https://registry.yarnpkg.com/fast-glob/-/fast-glob-3.2.12.tgz#7f39ec99c2e6ab030337142da9e0c18f37afae80"
  dependencies:
    "@nodelib/fs.stat" "^2.0.2"
    "@nodelib/fs.walk" "^1.2.3"
    glob-parent "^5.1.2"
    merge2 "^1.3.0"
    micromatch "^4.0.4"

fast-json-stable-stringify@^2.1.0:
  version "2.1.0"
  resolved "https://registry.npmjs.org/fast-json-stable-stringify/-/fast-json-stable-stringify-2.1.0.tgz"

fastq@^1.6.0:
  version "1.15.0"
  resolved "https://registry.yarnpkg.com/fastq/-/fastq-1.15.0.tgz#d04d07c6a2a68fe4599fea8d2e103a937fae6b3a"
  dependencies:
    reusify "^1.0.4"

file-entry-cache@^6.0.1:
  version "6.0.1"
  resolved "https://registry.npmjs.org/file-entry-cache/-/file-entry-cache-6.0.1.tgz"
  dependencies:
    flat-cache "^3.0.4"

fill-range@^7.0.1:
  version "7.0.1"
  resolved "https://registry.npmjs.org/fill-range/-/fill-range-7.0.1.tgz"
  dependencies:
    to-regex-range "^5.0.1"

find-up@^5.0.0:
  version "5.0.0"
  resolved "https://registry.npmjs.org/find-up/-/find-up-5.0.0.tgz"
  dependencies:
    locate-path "^6.0.0"
    path-exists "^4.0.0"

flat-cache@^3.0.4:
  version "3.0.4"
  resolved "https://registry.npmjs.org/flat-cache/-/flat-cache-3.0.4.tgz"
  dependencies:
    flatted "^3.1.0"
    rimraf "^3.0.2"

flatted@^3.1.0:
  version "3.2.6"
  resolved "https://registry.npmjs.org/flatted/-/flatted-3.2.6.tgz"

fs.realpath@^1.0.0:
  version "1.0.0"
  resolved "https://registry.npmjs.org/fs.realpath/-/fs.realpath-1.0.0.tgz"

gensequence@^5.0.2:
  version "5.0.2"
  resolved "https://registry.yarnpkg.com/gensequence/-/gensequence-5.0.2.tgz#f065be2f9a5b2967b9cad7f33b2d79ce1f22dc82"

get-stdin@^8.0.0:
  version "8.0.0"
  resolved "https://registry.npmjs.org/get-stdin/-/get-stdin-8.0.0.tgz"

glob-parent@^5.1.2:
  version "5.1.2"
  resolved "https://registry.yarnpkg.com/glob-parent/-/glob-parent-5.1.2.tgz#869832c58034fe68a4093c17dc15e8340d8401c4"
  dependencies:
    is-glob "^4.0.1"

glob@^7.1.3:
  version "7.1.7"
  resolved "https://registry.npmjs.org/glob/-/glob-7.1.7.tgz"
  dependencies:
    fs.realpath "^1.0.0"
    inflight "^1.0.4"
    inherits "2"
    minimatch "^3.0.4"
    once "^1.3.0"
    path-is-absolute "^1.0.0"

global-dirs@^0.1.1:
  version "0.1.1"
  resolved "https://registry.npmjs.org/global-dirs/-/global-dirs-0.1.1.tgz"
  dependencies:
    ini "^1.3.4"

graceful-fs@^4.1.2:
  version "4.2.6"
  resolved "https://registry.npmjs.org/graceful-fs/-/graceful-fs-4.2.6.tgz"

has-flag@^3.0.0:
  version "3.0.0"
  resolved "https://registry.npmjs.org/has-flag/-/has-flag-3.0.0.tgz"

has-flag@^4.0.0:
  version "4.0.0"
  resolved "https://registry.npmjs.org/has-flag/-/has-flag-4.0.0.tgz"

has-own-prop@^2.0.0:
  version "2.0.0"
  resolved "https://registry.npmjs.org/has-own-prop/-/has-own-prop-2.0.0.tgz"

import-fresh@^3.2.1, import-fresh@^3.3.0:
  version "3.3.0"
  resolved "https://registry.npmjs.org/import-fresh/-/import-fresh-3.3.0.tgz"
  dependencies:
    parent-module "^1.0.0"
    resolve-from "^4.0.0"

import-meta-resolve@^2.2.2:
  version "2.2.2"
  resolved "https://registry.yarnpkg.com/import-meta-resolve/-/import-meta-resolve-2.2.2.tgz#75237301e72d1f0fbd74dbc6cca9324b164c2cc9"

imurmurhash@^0.1.4:
  version "0.1.4"
  resolved "https://registry.npmjs.org/imurmurhash/-/imurmurhash-0.1.4.tgz"

inflight@^1.0.4:
  version "1.0.6"
  resolved "https://registry.npmjs.org/inflight/-/inflight-1.0.6.tgz"
  dependencies:
    once "^1.3.0"
    wrappy "1"

inherits@2:
  version "2.0.4"
  resolved "https://registry.npmjs.org/inherits/-/inherits-2.0.4.tgz"

ini@^1.3.4:
  version "1.3.8"
  resolved "https://registry.npmjs.org/ini/-/ini-1.3.8.tgz"

is-arrayish@^0.2.1:
  version "0.2.1"
  resolved "https://registry.npmjs.org/is-arrayish/-/is-arrayish-0.2.1.tgz"

is-extglob@^2.1.1:
  version "2.1.1"
  resolved "https://registry.yarnpkg.com/is-extglob/-/is-extglob-2.1.1.tgz#a88c02535791f02ed37c76a1b9ea9773c833f8c2"

is-glob@^4.0.1:
  version "4.0.3"
  resolved "https://registry.yarnpkg.com/is-glob/-/is-glob-4.0.3.tgz#64f61e42cbbb2eec2071a9dac0b28ba1e65d5084"
  dependencies:
    is-extglob "^2.1.1"

is-number@^7.0.0:
  version "7.0.0"
  resolved "https://registry.npmjs.org/is-number/-/is-number-7.0.0.tgz"

is-obj@^2.0.0:
  version "2.0.0"
  resolved "https://registry.npmjs.org/is-obj/-/is-obj-2.0.0.tgz"

is-typedarray@^1.0.0:
  version "1.0.0"
  resolved "https://registry.npmjs.org/is-typedarray/-/is-typedarray-1.0.0.tgz"

js-tokens@^4.0.0:
  version "4.0.0"
  resolved "https://registry.npmjs.org/js-tokens/-/js-tokens-4.0.0.tgz"

js-yaml@^4.1.0:
  version "4.1.0"
  resolved "https://registry.yarnpkg.com/js-yaml/-/js-yaml-4.1.0.tgz#c1fb65f8f5017901cdd2c951864ba18458a10602"
  dependencies:
    argparse "^2.0.1"

json-parse-even-better-errors@^2.3.0:
  version "2.3.1"
  resolved "https://registry.npmjs.org/json-parse-even-better-errors/-/json-parse-even-better-errors-2.3.1.tgz"

lines-and-columns@^1.1.6:
  version "1.1.6"
  resolved "https://registry.npmjs.org/lines-and-columns/-/lines-and-columns-1.1.6.tgz"

locate-path@^6.0.0:
  version "6.0.0"
  resolved "https://registry.npmjs.org/locate-path/-/locate-path-6.0.0.tgz"
  dependencies:
    p-locate "^5.0.0"

lru-cache@^6.0.0:
  version "6.0.0"
  resolved "https://registry.npmjs.org/lru-cache/-/lru-cache-6.0.0.tgz"
  dependencies:
    yallist "^4.0.0"

make-dir@^3.0.0:
  version "3.1.0"
  resolved "https://registry.npmjs.org/make-dir/-/make-dir-3.1.0.tgz"
  dependencies:
    semver "^6.0.0"

merge2@^1.3.0:
  version "1.4.1"
  resolved "https://registry.yarnpkg.com/merge2/-/merge2-1.4.1.tgz#4368892f885e907455a6fd7dc55c0c9d404990ae"

micromatch@^4.0.4, micromatch@^4.0.5:
  version "4.0.5"
  resolved "https://registry.npmjs.org/micromatch/-/micromatch-4.0.5.tgz"
  dependencies:
    braces "^3.0.2"
    picomatch "^2.3.1"

minimatch@^3.0.4:
  version "3.0.4"
  resolved "https://registry.npmjs.org/minimatch/-/minimatch-3.0.4.tgz"
  dependencies:
    brace-expansion "^1.1.7"

node-fetch@^2.6.9:
  version "2.6.9"
  resolved "https://registry.yarnpkg.com/node-fetch/-/node-fetch-2.6.9.tgz#7c7f744b5cc6eb5fd404e0c7a9fec630a55657e6"
  dependencies:
    whatwg-url "^5.0.0"

once@^1.3.0:
  version "1.4.0"
  resolved "https://registry.npmjs.org/once/-/once-1.4.0.tgz"
  dependencies:
    wrappy "1"

p-limit@^3.0.2:
  version "3.1.0"
  resolved "https://registry.npmjs.org/p-limit/-/p-limit-3.1.0.tgz"
  dependencies:
    yocto-queue "^0.1.0"

p-locate@^5.0.0:
  version "5.0.0"
  resolved "https://registry.npmjs.org/p-locate/-/p-locate-5.0.0.tgz"
  dependencies:
    p-limit "^3.0.2"

parent-module@^1.0.0:
  version "1.0.1"
  resolved "https://registry.npmjs.org/parent-module/-/parent-module-1.0.1.tgz"
  dependencies:
    callsites "^3.0.0"

parent-module@^2.0.0:
  version "2.0.0"
  resolved "https://registry.npmjs.org/parent-module/-/parent-module-2.0.0.tgz"
  dependencies:
    callsites "^3.1.0"

parse-json@^5.0.0:
  version "5.2.0"
  resolved "https://registry.npmjs.org/parse-json/-/parse-json-5.2.0.tgz"
  dependencies:
    "@babel/code-frame" "^7.0.0"
    error-ex "^1.3.1"
    json-parse-even-better-errors "^2.3.0"
    lines-and-columns "^1.1.6"

path-exists@^4.0.0:
  version "4.0.0"
  resolved "https://registry.npmjs.org/path-exists/-/path-exists-4.0.0.tgz"

path-is-absolute@^1.0.0:
  version "1.0.1"
  resolved "https://registry.npmjs.org/path-is-absolute/-/path-is-absolute-1.0.1.tgz"

path-type@^4.0.0:
  version "4.0.0"
  resolved "https://registry.npmjs.org/path-type/-/path-type-4.0.0.tgz"

picomatch@^2.3.1:
  version "2.3.1"
  resolved "https://registry.npmjs.org/picomatch/-/picomatch-2.3.1.tgz"

queue-microtask@^1.2.2:
  version "1.2.3"
  resolved "https://registry.yarnpkg.com/queue-microtask/-/queue-microtask-1.2.3.tgz#4929228bbc724dfac43e0efb058caf7b6cfb6243"

repeat-string@^1.6.1:
  version "1.6.1"
  resolved "https://registry.npmjs.org/repeat-string/-/repeat-string-1.6.1.tgz"

resolve-from@^4.0.0:
  version "4.0.0"
  resolved "https://registry.npmjs.org/resolve-from/-/resolve-from-4.0.0.tgz"

resolve-from@^5.0.0:
  version "5.0.0"
  resolved "https://registry.npmjs.org/resolve-from/-/resolve-from-5.0.0.tgz"

resolve-global@^1.0.0:
  version "1.0.0"
  resolved "https://registry.npmjs.org/resolve-global/-/resolve-global-1.0.0.tgz"
  dependencies:
    global-dirs "^0.1.1"

reusify@^1.0.4:
  version "1.0.4"
  resolved "https://registry.yarnpkg.com/reusify/-/reusify-1.0.4.tgz#90da382b1e126efc02146e90845a88db12925d76"

rimraf@^3.0.2:
  version "3.0.2"
  resolved "https://registry.npmjs.org/rimraf/-/rimraf-3.0.2.tgz"
  dependencies:
    glob "^7.1.3"

run-parallel@^1.1.9:
  version "1.2.0"
  resolved "https://registry.yarnpkg.com/run-parallel/-/run-parallel-1.2.0.tgz#66d1368da7bdf921eb9d95bd1a9229e7f21a43ee"
  dependencies:
    queue-microtask "^1.2.2"

run-script-os@^1.1.6:
  version "1.1.6"
  resolved "https://registry.npmjs.org/run-script-os/-/run-script-os-1.1.6.tgz"

semver@^6.0.0:
  version "6.3.0"
  resolved "https://registry.npmjs.org/semver/-/semver-6.3.0.tgz"

semver@^7.3.8:
  version "7.5.0"
  resolved "https://registry.yarnpkg.com/semver/-/semver-7.5.0.tgz#ed8c5dc8efb6c629c88b23d41dc9bf40c1d96cd0"
  dependencies:
    lru-cache "^6.0.0"

signal-exit@^3.0.2:
  version "3.0.3"
  resolved "https://registry.npmjs.org/signal-exit/-/signal-exit-3.0.3.tgz"

strip-ansi@^6.0.1:
  version "6.0.1"
  resolved "https://registry.npmjs.org/strip-ansi/-/strip-ansi-6.0.1.tgz"
  dependencies:
    ansi-regex "^5.0.1"

supports-color@^5.3.0:
  version "5.5.0"
  resolved "https://registry.npmjs.org/supports-color/-/supports-color-5.5.0.tgz"
  dependencies:
    has-flag "^3.0.0"

supports-color@^7.1.0:
  version "7.2.0"
  resolved "https://registry.npmjs.org/supports-color/-/supports-color-7.2.0.tgz"
  dependencies:
    has-flag "^4.0.0"

to-regex-range@^5.0.1:
  version "5.0.1"
  resolved "https://registry.npmjs.org/to-regex-range/-/to-regex-range-5.0.1.tgz"
  dependencies:
    is-number "^7.0.0"

tr46@~0.0.3:
  version "0.0.3"
  resolved "https://registry.yarnpkg.com/tr46/-/tr46-0.0.3.tgz#8184fd347dac9cdc185992f3a6622e14b9d9ab6a"

typedarray-to-buffer@^3.1.5:
  version "3.1.5"
  resolved "https://registry.npmjs.org/typedarray-to-buffer/-/typedarray-to-buffer-3.1.5.tgz"
  dependencies:
    is-typedarray "^1.0.0"

unique-string@^2.0.0:
  version "2.0.0"
  resolved "https://registry.npmjs.org/unique-string/-/unique-string-2.0.0.tgz"
  dependencies:
    crypto-random-string "^2.0.0"

vscode-languageserver-textdocument@^1.0.8:
  version "1.0.8"
  resolved "https://registry.yarnpkg.com/vscode-languageserver-textdocument/-/vscode-languageserver-textdocument-1.0.8.tgz#9eae94509cbd945ea44bca8dcfe4bb0c15bb3ac0"

vscode-uri@^3.0.7:
  version "3.0.7"
  resolved "https://registry.yarnpkg.com/vscode-uri/-/vscode-uri-3.0.7.tgz#6d19fef387ee6b46c479e5fb00870e15e58c1eb8"

webidl-conversions@^3.0.0:
  version "3.0.1"
  resolved "https://registry.yarnpkg.com/webidl-conversions/-/webidl-conversions-3.0.1.tgz#24534275e2a7bc6be7bc86611cc16ae0a5654871"

whatwg-url@^5.0.0:
  version "5.0.0"
  resolved "https://registry.yarnpkg.com/whatwg-url/-/whatwg-url-5.0.0.tgz#966454e8765462e37644d3626f6742ce8b70965d"
  dependencies:
    tr46 "~0.0.3"
    webidl-conversions "^3.0.0"

wrappy@1:
  version "1.0.2"
  resolved "https://registry.npmjs.org/wrappy/-/wrappy-1.0.2.tgz"

write-file-atomic@^3.0.0:
  version "3.0.3"
  resolved "https://registry.npmjs.org/write-file-atomic/-/write-file-atomic-3.0.3.tgz"
  dependencies:
    imurmurhash "^0.1.4"
    is-typedarray "^1.0.0"
    signal-exit "^3.0.2"
    typedarray-to-buffer "^3.1.5"

xdg-basedir@^4.0.0:
  version "4.0.0"
  resolved "https://registry.npmjs.org/xdg-basedir/-/xdg-basedir-4.0.0.tgz"

yallist@^4.0.0:
  version "4.0.0"
  resolved "https://registry.npmjs.org/yallist/-/yallist-4.0.0.tgz"

yocto-queue@^0.1.0:
  version "0.1.0"
  resolved "https://registry.npmjs.org/yocto-queue/-/yocto-queue-0.1.0.tgz"
